
Microsoft Visual Studio Solution File, Format Version 11.00
# Visual Studio 2010
Project("{8BC9CEB8-8B4A-11D0-8D11-00A0C91BC942}") = "1.4.3读取数量不定的输入数据", "1.4.3读取数量不定的输入数据\1.4.3读取数量不定的输入数据.vcxproj", "{D90578C7-95C0-4874-A84E-C6F837AD3D4B}"
EndProject
Global
	GlobalSection(SolutionConfigurationPlatforms) = preSolution
		Debug|Win32 = Debug|Win32
		Release|Win32 = Release|Win32
	EndGlobalSection
	GlobalSection(ProjectConfigurationPlatforms) = postSolution
		{D90578C7-95C0-4874-A84E-C6F837AD3D4B}.Debug|Win32.ActiveCfg = Debug|Win32
		{D90578C7-95C0-4874-A84E-C6F837AD3D4B}.Debug|Win32.Build.0 = Debug|Win32
		{D90578C7-95C0-4874-A84E-C6F837AD3D4B}.Release|Win32.ActiveCfg = Release|Win32
		{D90578C7-95C0-4874-A84E-C6F837AD3D4B}.Release|Win32.Build.0 = Release|Win32
	EndGlobalSection
	GlobalSection(SolutionProperties) = preSolution
		HideSolutionNode = FALSE
	EndGlobalSection
EndGlobal
