
Microsoft Visual Studio Solution File, Format Version 11.00
# Visual Studio 2010
Project("{8BC9CEB8-8B4A-11D0-8D11-00A0C91BC942}") = "ex1.21", "ex1.21\ex1.21.vcxproj", "{C7D6C689-9740-47E1-851A-2E4FCF390A61}"
EndProject
Global
	GlobalSection(SolutionConfigurationPlatforms) = preSolution
		Debug|Win32 = Debug|Win32
		Release|Win32 = Release|Win32
	EndGlobalSection
	GlobalSection(ProjectConfigurationPlatforms) = postSolution
		{C7D6C689-9740-47E1-851A-2E4FCF390A61}.Debug|Win32.ActiveCfg = Debug|Win32
		{C7D6C689-9740-47E1-851A-2E4FCF390A61}.Debug|Win32.Build.0 = Debug|Win32
		{C7D6C689-9740-47E1-851A-2E4FCF390A61}.Release|Win32.ActiveCfg = Release|Win32
		{C7D6C689-9740-47E1-851A-2E4FCF390A61}.Release|Win32.Build.0 = Release|Win32
	EndGlobalSection
	GlobalSection(SolutionProperties) = preSolution
		HideSolutionNode = FALSE
	EndGlobalSection
EndGlobal
