
Microsoft Visual Studio Solution File, Format Version 11.00
# Visual Studio 2010
Project("{8BC9CEB8-8B4A-11D0-8D11-00A0C91BC942}") = "2.3", "2.3\2.3.vcxproj", "{037B3C62-AF21-4AAD-9167-C2E51DDD0C68}"
EndProject
Global
	GlobalSection(SolutionConfigurationPlatforms) = preSolution
		Debug|Win32 = Debug|Win32
		Release|Win32 = Release|Win32
	EndGlobalSection
	GlobalSection(ProjectConfigurationPlatforms) = postSolution
		{037B3C62-AF21-4AAD-9167-C2E51DDD0C68}.Debug|Win32.ActiveCfg = Debug|Win32
		{037B3C62-AF21-4AAD-9167-C2E51DDD0C68}.Debug|Win32.Build.0 = Debug|Win32
		{037B3C62-AF21-4AAD-9167-C2E51DDD0C68}.Release|Win32.ActiveCfg = Release|Win32
		{037B3C62-AF21-4AAD-9167-C2E51DDD0C68}.Release|Win32.Build.0 = Release|Win32
	EndGlobalSection
	GlobalSection(SolutionProperties) = preSolution
		HideSolutionNode = FALSE
	EndGlobalSection
EndGlobal
