
Microsoft Visual Studio Solution File, Format Version 11.00
# Visual Studio 2010
Project("{8BC9CEB8-8B4A-11D0-8D11-00A0C91BC942}") = "1.5.2", "1.5.2\1.5.2.vcxproj", "{DC4B3E69-4972-4CA5-B996-6F8CCC820081}"
EndProject
Global
	GlobalSection(SolutionConfigurationPlatforms) = preSolution
		Debug|Win32 = Debug|Win32
		Release|Win32 = Release|Win32
	EndGlobalSection
	GlobalSection(ProjectConfigurationPlatforms) = postSolution
		{DC4B3E69-4972-4CA5-B996-6F8CCC820081}.Debug|Win32.ActiveCfg = Debug|Win32
		{DC4B3E69-4972-4CA5-B996-6F8CCC820081}.Debug|Win32.Build.0 = Debug|Win32
		{DC4B3E69-4972-4CA5-B996-6F8CCC820081}.Release|Win32.ActiveCfg = Release|Win32
		{DC4B3E69-4972-4CA5-B996-6F8CCC820081}.Release|Win32.Build.0 = Release|Win32
	EndGlobalSection
	GlobalSection(SolutionProperties) = preSolution
		HideSolutionNode = FALSE
	EndGlobalSection
EndGlobal
